// !$*UTF8*$!
{
	archiveVersion = 1;
	classes = {
	};
	objectVersion = 46;
	objects = {

/* Begin PBXBuildFile section */
		04FB72B31C2D007100F2B2C4 /* SDL2_image.framework in Frameworks */ = {isa = PBXBuildFile; fileRef = 04FB72B11C2D007100F2B2C4 /* SDL2_image.framework */; };
		04FB72B41C2D007100F2B2C4 /* SDL2.framework in Frameworks */ = {isa = PBXBuildFile; fileRef = 04FB72B21C2D007100F2B2C4 /* SDL2.framework */; };
		04FB72B61C2D01DE00F2B2C4 /* 06_extensions in Sources */ = {isa = PBXBuildFile; fileRef = 04FB72B51C2D01C600F2B2C4 /* 06_extensions */; };
		04FB72B81C2D033400F2B2C4 /* loaded.png in CopyFiles */ = {isa = PBXBuildFile; fileRef = 04FB72B71C2D033400F2B2C4 /* loaded.png */; };
/* End PBXBuildFile section */

/* Begin PBXCopyFilesBuildPhase section */
		04FB72A21C2CFFFC00F2B2C4 /* CopyFiles */ = {
			isa = PBXCopyFilesBuildPhase;
			buildActionMask = 12;
			dstPath = "";
			dstSubfolderSpec = 16;
			files = (
				04FB72B81C2D033400F2B2C4 /* loaded.png in CopyFiles */,
			);
			runOnlyForDeploymentPostprocessing = 0;
		};
/* End PBXCopyFilesBuildPhase section */

/* Begin PBXFileReference section */
		04FB72A41C2CFFFC00F2B2C4 /* SDL-Practice */ = {isa = PBXFileReference; explicitFileType = "compiled.mach-o.executable"; includeInIndex = 0; path = "SDL-Practice"; sourceTree = BUILT_PRODUCTS_DIR; };
		04FB72B11C2D007100F2B2C4 /* SDL2_image.framework */ = {isa = PBXFileReference; lastKnownFileType = wrapper.framework; name = SDL2_image.framework; path = ../../../../Library/Frameworks/SDL2_image.framework; sourceTree = "<group>"; };
		04FB72B21C2D007100F2B2C4 /* SDL2.framework */ = {isa = PBXFileReference; lastKnownFileType = wrapper.framework; name = SDL2.framework; path = ../../../../Library/Frameworks/SDL2.framework; sourceTree = "<group>"; };
		04FB72B51C2D01C600F2B2C4 /* 06_extensions */ = {isa = PBXFileReference; lastKnownFileType = folder; path = 06_extensions; sourceTree = "<group>"; };
		04FB72B71C2D033400F2B2C4 /* loaded.png */ = {isa = PBXFileReference; lastKnownFileType = image.png; name = loaded.png; path = "SDL-Practice/06_extensions/loaded.png"; sourceTree = "<group>"; };
/* End PBXFileReference section */

/* Begin PBXFrameworksBuildPhase section */
		04FB72A11C2CFFFC00F2B2C4 /* Frameworks */ = {
			isa = PBXFrameworksBuildPhase;
			buildActionMask = 2147483647;
			files = (
				04FB72B31C2D007100F2B2C4 /* SDL2_image.framework in Frameworks */,
				04FB72B41C2D007100F2B2C4 /* SDL2.framework in Frameworks */,
			);
			runOnlyForDeploymentPostprocessing = 0;
		};
/* End PBXFrameworksBuildPhase section */

/* Begin PBXGroup section */
		04FB729B1C2CFFFB00F2B2C4 = {
			isa = PBXGroup;
			children = (
				04FB72B71C2D033400F2B2C4 /* loaded.png */,
				04FB72B11C2D007100F2B2C4 /* SDL2_image.framework */,
				04FB72B21C2D007100F2B2C4 /* SDL2.framework */,
				04FB72A61C2CFFFC00F2B2C4 /* SDL-Practice */,
				04FB72A51C2CFFFC00F2B2C4 /* Products */,
			);
			sourceTree = "<group>";
		};
		04FB72A51C2CFFFC00F2B2C4 /* Products */ = {
			isa = PBXGroup;
			children = (
				04FB72A41C2CFFFC00F2B2C4 /* SDL-Practice */,
			);
			name = Products;
			sourceTree = "<group>";
		};
		04FB72A61C2CFFFC00F2B2C4 /* SDL-Practice */ = {
			isa = PBXGroup;
			children = (
				04FB72B51C2D01C600F2B2C4 /* 06_extensions */,
			);
			path = "SDL-Practice";
			sourceTree = "<group>";
		};
/* End PBXGroup section */

/* Begin PBXNativeTarget section */
		04FB72A31C2CFFFC00F2B2C4 /* SDL-Practice */ = {
			isa = PBXNativeTarget;
			buildConfigurationList = 04FB72AB1C2CFFFC00F2B2C4 /* Build configuration list for PBXNativeTarget "SDL-Practice" */;
			buildPhases = (
				04FB72A01C2CFFFC00F2B2C4 /* Sources */,
				04FB72A11C2CFFFC00F2B2C4 /* Frameworks */,
				04FB72A21C2CFFFC00F2B2C4 /* CopyFiles */,
			);
			buildRules = (
			);
			dependencies = (
			);
			name = "SDL-Practice";
			productName = "SDL-Practice";
			productReference = 04FB72A41C2CFFFC00F2B2C4 /* SDL-Practice */;
			productType = "com.apple.product-type.tool";
		};
/* End PBXNativeTarget section */

/* Begin PBXProject section */
		04FB729C1C2CFFFB00F2B2C4 /* Project object */ = {
			isa = PBXProject;
			attributes = {
				LastUpgradeCheck = 0720;
				ORGANIZATIONNAME = Default;
				TargetAttributes = {
					04FB72A31C2CFFFC00F2B2C4 = {
						CreatedOnToolsVersion = 7.2;
					};
				};
			};
			buildConfigurationList = 04FB729F1C2CFFFB00F2B2C4 /* Build configuration list for PBXProject "SDL-Practice" */;
			compatibilityVersion = "Xcode 3.2";
			developmentRegion = English;
			hasScannedForEncodings = 0;
			knownRegions = (
				en,
			);
			mainGroup = 04FB729B1C2CFFFB00F2B2C4;
			productRefGroup = 04FB72A51C2CFFFC00F2B2C4 /* Products */;
			projectDirPath = "";
			projectRoot = "";
			targets = (
				04FB72A31C2CFFFC00F2B2C4 /* SDL-Practice */,
			);
		};
/* End PBXProject section */

/* Begin PBXSourcesBuildPhase section */
		04FB72A01C2CFFFC00F2B2C4 /* Sources */ = {
			isa = PBXSourcesBuildPhase;
			buildActionMask = 2147483647;
			files = (
				04FB72B61C2D01DE00F2B2C4 /* 06_extensions in Sources */,
			);
			runOnlyForDeploymentPostprocessing = 0;
		};
/* End PBXSourcesBuildPhase section */

/* Begin XCBuildConfiguration section */
		04FB72A91C2CFFFC00F2B2C4 /* Debug */ = {
			isa = XCBuildConfiguration;
			buildSettings = {
				ALWAYS_SEARCH_USER_PATHS = NO;
				CLANG_CXX_LANGUAGE_STANDARD = "gnu++0x";
				CLANG_CXX_LIBRARY = "libc++";
				CLANG_ENABLE_MODULES = YES;
				CLANG_ENABLE_OBJC_ARC = YES;
				CLANG_WARN_BOOL_CONVERSION = YES;
				CLANG_WARN_CONSTANT_CONVERSION = YES;
				CLANG_WARN_DIRECT_OBJC_ISA_USAGE = YES_ERROR;
				CLANG_WARN_EMPTY_BODY = YES;
				CLANG_WARN_ENUM_CONVERSION = YES;
				CLANG_WARN_INT_CONVERSION = YES;
				CLANG_WARN_OBJC_ROOT_CLASS = YES_ERROR;
				CLANG_WARN_UNREACHABLE_CODE = YES;
				CLANG_WARN__DUPLICATE_METHOD_MATCH = YES;
				CODE_SIGN_IDENTITY = "-";
				COPY_PHASE_STRIP = NO;
				DEBUG_INFORMATION_FORMAT = dwarf;
				ENABLE_STRICT_OBJC_MSGSEND = YES;
				ENABLE_TESTABILITY = YES;
				GCC_C_LANGUAGE_STANDARD = gnu99;
				GCC_DYNAMIC_NO_PIC = NO;
				GCC_NO_COMMON_BLOCKS = YES;
				GCC_OPTIMIZATION_LEVEL = 0;
				GCC_PREPROCESSOR_DEFINITIONS = (
					"DEBUG=1",
					"$(inherited)",
				);
				GCC_WARN_64_TO_32_BIT_CONVERSION = YES;
				GCC_WARN_ABOUT_RETURN_TYPE = YES_ERROR;
				GCC_WARN_UNDECLARED_SELECTOR = YES;
				GCC_WARN_UNINITIALIZED_AUTOS = YES_AGGRESSIVE;
				GCC_WARN_UNUSED_FUNCTION = YES;
				GCC_WARN_UNUSED_VARIABLE = YES;
				MACOSX_DEPLOYMENT_TARGET = 10.11;
				MTL_ENABLE_DEBUG_INFO = YES;
				ONLY_ACTIVE_ARCH = YES;
				SDKROOT = macosx;
			};
			name = Debug;
		};
		04FB72AA1C2CFFFC00F2B2C4 /* Release */ = {
			isa = XCBuildConfiguration;
			buildSettings = {
				ALWAYS_SEARCH_USER_PATHS = NO;
				CLANG_CXX_LANGUAGE_STANDARD = "gnu++0x";
				CLANG_CXX_LIBRARY = "libc++";
				CLANG_ENABLE_MODULES = YES;
				CLANG_ENABLE_OBJC_ARC = YES;
				CLANG_WARN_BOOL_CONVERSION = YES;
				CLANG_WARN_CONSTANT_CONVERSION = YES;
				CLANG_WARN_DIRECT_OBJC_ISA_USAGE = YES_ERROR;
				CLANG_WARN_EMPTY_BODY = YES;
				CLANG_WARN_ENUM_CONVERSION = YES;
				CLANG_WARN_INT_CONVERSION = YES;
				CLANG_WARN_OBJC_ROOT_CLASS = YES_ERROR;
				CLANG_WARN_UNREACHABLE_CODE = YES;
				CLANG_WARN__DUPLICATE_METHOD_MATCH = YES;
				CODE_SIGN_IDENTITY = "-";
				COPY_PHASE_STRIP = NO;
				DEBUG_INFORMATION_FORMAT = "dwarf-with-dsym";
				ENABLE_NS_ASSERTIONS = NO;
				ENABLE_STRICT_OBJC_MSGSEND = YES;
				GCC_C_LANGUAGE_STANDARD = gnu99;
				GCC_NO_COMMON_BLOCKS = YES;
				GCC_WARN_64_TO_32_BIT_CONVERSION = YES;
				GCC_WARN_ABOUT_RETURN_TYPE = YES_ERROR;
				GCC_WARN_UNDECLARED_SELECTOR = YES;
				GCC_WARN_UNINITIALIZED_AUTOS = YES_AGGRESSIVE;
				GCC_WARN_UNUSED_FUNCTION = YES;
				GCC_WARN_UNUSED_VARIABLE = YES;
				MACOSX_DEPLOYMENT_TARGET = 10.11;
				MTL_ENABLE_DEBUG_INFO = NO;
				SDKROOT = macosx;
			};
			name = Release;
		};
		04FB72AC1C2CFFFC00F2B2C4 /* Debug */ = {
			isa = XCBuildConfiguration;
			buildSettings = {
				FRAMEWORK_SEARCH_PATHS = (
					"$(inherited)",
					"$(LOCAL_LIBRARY_DIR)/Frameworks",
				);
				PRODUCT_NAME = "$(TARGET_NAME)";
			};
			name = Debug;
		};
		04FB72AD1C2CFFFC00F2B2C4 /* Release */ = {
			isa = XCBuildConfiguration;
			buildSettings = {
				FRAMEWORK_SEARCH_PATHS = (
					"$(inherited)",
					"$(LOCAL_LIBRARY_DIR)/Frameworks",
				);
				PRODUCT_NAME = "$(TARGET_NAME)";
			};
			name = Release;
		};
/* End XCBuildConfiguration section */

/* Begin XCConfigurationList section */
		04FB729F1C2CFFFB00F2B2C4 /* Build configuration list for PBXProject "SDL-Practice" */ = {
			isa = XCConfigurationList;
			buildConfigurations = (
				04FB72A91C2CFFFC00F2B2C4 /* Debug */,
				04FB72AA1C2CFFFC00F2B2C4 /* Release */,
			);
			defaultConfigurationIsVisible = 0;
			defaultConfigurationName = Release;
		};
		04FB72AB1C2CFFFC00F2B2C4 /* Build configuration list for PBXNativeTarget "SDL-Practice" */ = {
			isa = XCConfigurationList;
			buildConfigurations = (
				04FB72AC1C2CFFFC00F2B2C4 /* Debug */,
				04FB72AD1C2CFFFC00F2B2C4 /* Release */,
			);
			defaultConfigurationIsVisible = 0;
		};
/* End XCConfigurationList section */
	};
	rootObject = 04FB729C1C2CFFFB00F2B2C4 /* Project object */;
}
